
Microsoft Visual Studio Solution File, Format Version 12.00
# Visual Studio 15
VisualStudioVersion = 15.0.28307.902
MinimumVisualStudioVersion = 10.0.40219.1
Project("{FAE04EC0-301F-11D3-BF4B-00C04F79EFBC}") = "TempLogDictation", "TempLogDictation\TempLogDictation.csproj", "{B406922D-73D4-4A06-AB67-E64E80D6C317}"
EndProject
Global
	GlobalSection(SolutionConfigurationPlatforms) = preSolution
		Debug|Any CPU = Debug|Any CPU
		Release|Any CPU = Release|Any CPU
	EndGlobalSection
	GlobalSection(ProjectConfigurationPlatforms) = postSolution
		{B406922D-73D4-4A06-AB67-E64E80D6C317}.Debug|Any CPU.ActiveCfg = Debug|Any CPU
		{B406922D-73D4-4A06-AB67-E64E80D6C317}.Debug|Any CPU.Build.0 = Debug|Any CPU
		{B406922D-73D4-4A06-AB67-E64E80D6C317}.Release|Any CPU.ActiveCfg = Release|Any CPU
		{B406922D-73D4-4A06-AB67-E64E80D6C317}.Release|Any CPU.Build.0 = Release|Any CPU
	EndGlobalSection
	GlobalSection(SolutionProperties) = preSolution
		HideSolutionNode = FALSE
	EndGlobalSection
	GlobalSection(ExtensibilityGlobals) = postSolution
		SolutionGuid = {64AC6A8A-7948-46EB-816C-F9B7B1318A61}
	EndGlobalSection
EndGlobal
